
Microsoft Visual Studio Solution File, Format Version 12.00
# Visual Studio Version 16
VisualStudioVersion = 16.0.30320.27
MinimumVisualStudioVersion = 10.0.40219.1
Project("{FAE04EC0-301F-11D3-BF4B-00C04F79EFBC}") = "yönetici paneli", "yönetici paneli\yönetici paneli.csproj", "{3BD59DC7-0C17-44CF-B5BB-6D1631965F9C}"
EndProject
Global
	GlobalSection(SolutionConfigurationPlatforms) = preSolution
		Debug|Any CPU = Debug|Any CPU
		Release|Any CPU = Release|Any CPU
	EndGlobalSection
	GlobalSection(ProjectConfigurationPlatforms) = postSolution
		{3BD59DC7-0C17-44CF-B5BB-6D1631965F9C}.Debug|Any CPU.ActiveCfg = Debug|Any CPU
		{3BD59DC7-0C17-44CF-B5BB-6D1631965F9C}.Debug|Any CPU.Build.0 = Debug|Any CPU
		{3BD59DC7-0C17-44CF-B5BB-6D1631965F9C}.Release|Any CPU.ActiveCfg = Release|Any CPU
		{3BD59DC7-0C17-44CF-B5BB-6D1631965F9C}.Release|Any CPU.Build.0 = Release|Any CPU
	EndGlobalSection
	GlobalSection(SolutionProperties) = preSolution
		HideSolutionNode = FALSE
	EndGlobalSection
	GlobalSection(ExtensibilityGlobals) = postSolution
		SolutionGuid = {20B3ED72-904F-44A3-A684-69FE3A252B34}
	EndGlobalSection
EndGlobal
